
Microsoft Visual Studio Solution File, Format Version 12.00
# Visual Studio 15
VisualStudioVersion = 15.0.27130.2010
MinimumVisualStudioVersion = 10.0.40219.1
Project("{FAE04EC0-301F-11D3-BF4B-00C04F79EFBC}") = "Navigator-CSharp", "Navigator-CSharp\Navigator-CSharp.csproj", "{A95F4B51-2691-4024-8430-BCE3CB45F69B}"
EndProject
Global
	GlobalSection(SolutionConfigurationPlatforms) = preSolution
		Debug|Any CPU = Debug|Any CPU
		Release|Any CPU = Release|Any CPU
	EndGlobalSection
	GlobalSection(ProjectConfigurationPlatforms) = postSolution
		{A95F4B51-2691-4024-8430-BCE3CB45F69B}.Debug|Any CPU.ActiveCfg = Debug|Any CPU
		{A95F4B51-2691-4024-8430-BCE3CB45F69B}.Debug|Any CPU.Build.0 = Debug|Any CPU
		{A95F4B51-2691-4024-8430-BCE3CB45F69B}.Release|Any CPU.ActiveCfg = Release|Any CPU
		{A95F4B51-2691-4024-8430-BCE3CB45F69B}.Release|Any CPU.Build.0 = Release|Any CPU
	EndGlobalSection
	GlobalSection(SolutionProperties) = preSolution
		HideSolutionNode = FALSE
	EndGlobalSection
	GlobalSection(ExtensibilityGlobals) = postSolution
		SolutionGuid = {6B077C4D-AA85-4454-9134-224F75F1F863}
	EndGlobalSection
EndGlobal
